
Microsoft Visual Studio Solution File, Format Version 12.00
# Visual Studio 15
VisualStudioVersion = 15.0.28307.136
MinimumVisualStudioVersion = 10.0.40219.1
Project("{FAE04EC0-301F-11D3-BF4B-00C04F79EFBC}") = "AbcTo123", "AbcTo123\AbcTo123.csproj", "{A940CE60-185A-461F-B998-E5791FD3A872}"
EndProject
Global
	GlobalSection(SolutionConfigurationPlatforms) = preSolution
		Debug|Any CPU = Debug|Any CPU
		Release|Any CPU = Release|Any CPU
	EndGlobalSection
	GlobalSection(ProjectConfigurationPlatforms) = postSolution
		{A940CE60-185A-461F-B998-E5791FD3A872}.Debug|Any CPU.ActiveCfg = Debug|Any CPU
		{A940CE60-185A-461F-B998-E5791FD3A872}.Debug|Any CPU.Build.0 = Debug|Any CPU
		{A940CE60-185A-461F-B998-E5791FD3A872}.Release|Any CPU.ActiveCfg = Release|Any CPU
		{A940CE60-185A-461F-B998-E5791FD3A872}.Release|Any CPU.Build.0 = Release|Any CPU
	EndGlobalSection
	GlobalSection(SolutionProperties) = preSolution
		HideSolutionNode = FALSE
	EndGlobalSection
	GlobalSection(ExtensibilityGlobals) = postSolution
		SolutionGuid = {39A6B7BE-6E06-4AE3-B781-96ECF669086C}
	EndGlobalSection
EndGlobal
